
Microsoft Visual Studio Solution File, Format Version 12.00
# Visual Studio Version 17
VisualStudioVersion = 17.14.36429.23 d17.14
MinimumVisualStudioVersion = 10.0.40219.1
Project("{FAE04EC0-301F-11D3-BF4B-00C04F79EFBC}") = "Wordle", "Wordle\Wordle.csproj", "{B527D95E-3FD4-4528-B539-BC5D7CFF9337}"
EndProject
Global
	GlobalSection(SolutionConfigurationPlatforms) = preSolution
		Debug|Any CPU = Debug|Any CPU
		Release|Any CPU = Release|Any CPU
	EndGlobalSection
	GlobalSection(ProjectConfigurationPlatforms) = postSolution
		{B527D95E-3FD4-4528-B539-BC5D7CFF9337}.Debug|Any CPU.ActiveCfg = Debug|Any CPU
		{B527D95E-3FD4-4528-B539-BC5D7CFF9337}.Debug|Any CPU.Build.0 = Debug|Any CPU
		{B527D95E-3FD4-4528-B539-BC5D7CFF9337}.Release|Any CPU.ActiveCfg = Release|Any CPU
		{B527D95E-3FD4-4528-B539-BC5D7CFF9337}.Release|Any CPU.Build.0 = Release|Any CPU
	EndGlobalSection
	GlobalSection(SolutionProperties) = preSolution
		HideSolutionNode = FALSE
	EndGlobalSection
	GlobalSection(ExtensibilityGlobals) = postSolution
		SolutionGuid = {6E3BEDA7-19D5-4818-813D-43BE9F2BCCC2}
	EndGlobalSection
EndGlobal
