
Microsoft Visual Studio Solution File, Format Version 12.00
# Visual Studio Version 17
VisualStudioVersion = 17.14.36429.23 d17.14
MinimumVisualStudioVersion = 10.0.40219.1
Project("{FAE04EC0-301F-11D3-BF4B-00C04F79EFBC}") = "Rock, Paper and Scissors", "Rock, Paper and Scissors\Rock, Paper and Scissors.csproj", "{D6BC9643-8334-4CD8-95FF-B22F0AE6A978}"
EndProject
Global
	GlobalSection(SolutionConfigurationPlatforms) = preSolution
		Debug|Any CPU = Debug|Any CPU
		Release|Any CPU = Release|Any CPU
	EndGlobalSection
	GlobalSection(ProjectConfigurationPlatforms) = postSolution
		{D6BC9643-8334-4CD8-95FF-B22F0AE6A978}.Debug|Any CPU.ActiveCfg = Debug|Any CPU
		{D6BC9643-8334-4CD8-95FF-B22F0AE6A978}.Debug|Any CPU.Build.0 = Debug|Any CPU
		{D6BC9643-8334-4CD8-95FF-B22F0AE6A978}.Release|Any CPU.ActiveCfg = Release|Any CPU
		{D6BC9643-8334-4CD8-95FF-B22F0AE6A978}.Release|Any CPU.Build.0 = Release|Any CPU
	EndGlobalSection
	GlobalSection(SolutionProperties) = preSolution
		HideSolutionNode = FALSE
	EndGlobalSection
	GlobalSection(ExtensibilityGlobals) = postSolution
		SolutionGuid = {C2540BE0-8AAF-401D-A079-1158F30418A3}
	EndGlobalSection
EndGlobal
